
Microsoft Visual Studio Solution File, Format Version 12.00
Project("{FAE04EC0-301F-11D3-BF4B-00C04F79EFBC}") = "CMOC.Domain", "CMOC.Domain\CMOC.Domain.csproj", "{9BAC23C1-7574-4A37-AE65-0A84B0A23D43}"
EndProject
Project("{FAE04EC0-301F-11D3-BF4B-00C04F79EFBC}") = "CMOC.Data", "CMOC.Data\CMOC.Data.csproj", "{67E59DC9-97FF-467B-B9E1-ACDCAA39542D}"
EndProject
Project("{FAE04EC0-301F-11D3-BF4B-00C04F79EFBC}") = "CMOC", "CMOC\CMOC.csproj", "{38360CC6-8AA5-4913-B11B-729728F3E1FE}"
EndProject
Project("{FAE04EC0-301F-11D3-BF4B-00C04F79EFBC}") = "CMOC.Services", "CMOC.Services\CMOC.Services.csproj", "{FCE8CEAF-F250-4AA8-8E4C-9D377EC5671F}"
EndProject
Project("{2150E333-8FDC-42A3-9474-1A3956D46DE8}") = "Solution Items", "Solution Items", "{6DBDCEE7-37AC-4DB6-85A5-D16B08E3FE9C}"
	ProjectSection(SolutionItems) = preProject
		docker-compose.yml = docker-compose.yml
	EndProjectSection
EndProject
Project("{FAE04EC0-301F-11D3-BF4B-00C04F79EFBC}") = "CMOC.Services.Test", "CMOC.Services.Test\CMOC.Services.Test.csproj", "{EC7CF860-4DDA-40CB-8D5B-0AB618F589AF}"
EndProject
Global
	GlobalSection(SolutionConfigurationPlatforms) = preSolution
		Debug|Any CPU = Debug|Any CPU
		Release|Any CPU = Release|Any CPU
	EndGlobalSection
	GlobalSection(ProjectConfigurationPlatforms) = postSolution
		{9BAC23C1-7574-4A37-AE65-0A84B0A23D43}.Debug|Any CPU.ActiveCfg = Debug|Any CPU
		{9BAC23C1-7574-4A37-AE65-0A84B0A23D43}.Debug|Any CPU.Build.0 = Debug|Any CPU
		{9BAC23C1-7574-4A37-AE65-0A84B0A23D43}.Release|Any CPU.ActiveCfg = Release|Any CPU
		{9BAC23C1-7574-4A37-AE65-0A84B0A23D43}.Release|Any CPU.Build.0 = Release|Any CPU
		{67E59DC9-97FF-467B-B9E1-ACDCAA39542D}.Debug|Any CPU.ActiveCfg = Debug|Any CPU
		{67E59DC9-97FF-467B-B9E1-ACDCAA39542D}.Debug|Any CPU.Build.0 = Debug|Any CPU
		{67E59DC9-97FF-467B-B9E1-ACDCAA39542D}.Release|Any CPU.ActiveCfg = Release|Any CPU
		{67E59DC9-97FF-467B-B9E1-ACDCAA39542D}.Release|Any CPU.Build.0 = Release|Any CPU
		{38360CC6-8AA5-4913-B11B-729728F3E1FE}.Debug|Any CPU.ActiveCfg = Debug|Any CPU
		{38360CC6-8AA5-4913-B11B-729728F3E1FE}.Debug|Any CPU.Build.0 = Debug|Any CPU
		{38360CC6-8AA5-4913-B11B-729728F3E1FE}.Release|Any CPU.ActiveCfg = Release|Any CPU
		{38360CC6-8AA5-4913-B11B-729728F3E1FE}.Release|Any CPU.Build.0 = Release|Any CPU
		{FCE8CEAF-F250-4AA8-8E4C-9D377EC5671F}.Debug|Any CPU.ActiveCfg = Debug|Any CPU
		{FCE8CEAF-F250-4AA8-8E4C-9D377EC5671F}.Debug|Any CPU.Build.0 = Debug|Any CPU
		{FCE8CEAF-F250-4AA8-8E4C-9D377EC5671F}.Release|Any CPU.ActiveCfg = Release|Any CPU
		{FCE8CEAF-F250-4AA8-8E4C-9D377EC5671F}.Release|Any CPU.Build.0 = Release|Any CPU
		{EC7CF860-4DDA-40CB-8D5B-0AB618F589AF}.Debug|Any CPU.ActiveCfg = Debug|Any CPU
		{EC7CF860-4DDA-40CB-8D5B-0AB618F589AF}.Debug|Any CPU.Build.0 = Debug|Any CPU
		{EC7CF860-4DDA-40CB-8D5B-0AB618F589AF}.Release|Any CPU.ActiveCfg = Release|Any CPU
		{EC7CF860-4DDA-40CB-8D5B-0AB618F589AF}.Release|Any CPU.Build.0 = Release|Any CPU
	EndGlobalSection
EndGlobal
